<?xml version="1.0" encoding="utf-8"?>
<Project ToolsVersion="4.0" xmlns="http://schemas.microsoft.com/developer/msbuild/2003">
  <ItemGroup>
    <Filter Include="Source Files">
      <UniqueIdentifier>{4FC737F1-C7A5-4376-A066-2A32D752A2FF}</UniqueIdentifier>
      <Extensions>cpp;c;cc;cxx;def;odl;idl;hpj;bat;asm;asmx</Extensions>
    </Filter>
    <Filter Include="Header Files">
      <UniqueIdentifier>{93995380-89BD-4b04-88EB-625FBE52EBFB}</UniqueIdentifier>
      <Extensions>h;hh;hpp;hxx;hm;inl;inc;xsd</Extensions>
    </Filter>
    <Filter Include="Resource Files">
      <UniqueIdentifier>{67DA6AB6-F800-4c08-8B7A-83BB121AAD01}</UniqueIdentifier>
      <Extensions>rc;ico;cur;bmp;dlg;rc2;rct;bin;rgs;gif;jpg;jpeg;jpe;resx;tiff;tif;png;wav;mfcribbon-ms</Extensions>
    </Filter>
    <Filter Include="Header Files\External Libs">
      <UniqueIdentifier>{f7f7d25a-6dc8-4edc-998e-e15f36a1c90b}</UniqueIdentifier>
    </Filter>
    <Filter Include="Source Files\External Libs">
      <UniqueIdentifier>{d142245e-68d0-43c3-8b73-834c02457b67}</UniqueIdentifier>
    </Filter>
    <Filter Include="Header Files\External Libs\RF24">
      <UniqueIdentifier>{d7f81fd4-b03c-4042-ac74-1c27bd09e381}</UniqueIdentifier>
    </Filter>
    <Filter Include="Header Files\External Libs\IR Remote">
      <UniqueIdentifier>{7570b2fd-6eba-46bf-82d1-40e9a2a1f800}</UniqueIdentifier>
    </Filter>
    <Filter Include="Source Files\External Libs\RF24">
      <UniqueIdentifier>{876b68cd-8068-4298-afb3-39bf72e18fbf}</UniqueIdentifier>
    </Filter>
    <Filter Include="Source Files\External Libs\IR Remote">
      <UniqueIdentifier>{a75518b9-f852-4bd7-93b7-a90af7890da1}</UniqueIdentifier>
    </Filter>
    <Filter Include="Header Files\External Libs\Wire">
      <UniqueIdentifier>{fe1f5cca-c80b-4aa6-bc82-7b73fcfe8cc6}</UniqueIdentifier>
    </Filter>
    <Filter Include="Source Files\External Libs\Wire">
      <UniqueIdentifier>{ff6cd630-87aa-4739-af77-e3ea7c5bb7e7}</UniqueIdentifier>
    </Filter>
  </ItemGroup>
  <ItemGroup>
    <None Include="Port32U4.ino" />
  </ItemGroup>
  <ItemGroup>
    <ClCompile Include="DuinoTagV2.cpp">
      <Filter>Source Files</Filter>
    </ClCompile>
    <ClCompile Include="GameMode.cpp">
      <Filter>Source Files</Filter>
    </ClCompile>
    <ClCompile Include="Sound.cpp">
      <Filter>Source Files</Filter>
    </ClCompile>
    <ClCompile Include="MilesDecode.cpp">
      <Filter>Source Files</Filter>
    </ClCompile>
    <ClCompile Include="LaserWiFi.cpp">
      <Filter>Source Files</Filter>
    </ClCompile>
    <ClCompile Include="Bitshift.cpp">
      <Filter>Source Files</Filter>
    </ClCompile>
    <ClCompile Include="Neopixel\Adafruit_NeoPixel.cpp">
      <Filter>Source Files\External Libs</Filter>
    </ClCompile>
    <ClCompile Include="FlexiTimer\FlexiTimer2.cpp">
      <Filter>Source Files\External Libs</Filter>
    </ClCompile>
    <ClCompile Include="ToneAC\toneAC.cpp">
      <Filter>Source Files\External Libs</Filter>
    </ClCompile>
    <ClCompile Include="RF24-mesh\RF24Mesh.cpp">
      <Filter>Source Files\External Libs\RF24</Filter>
    </ClCompile>
    <ClCompile Include="RF24-driver\RF24.cpp">
      <Filter>Source Files\External Libs\RF24</Filter>
    </ClCompile>
    <ClCompile Include="RF24-network\RF24Network.cpp">
      <Filter>Source Files\External Libs\RF24</Filter>
    </ClCompile>
    <ClCompile Include="RF24-network\Sync.cpp">
      <Filter>Source Files\External Libs\RF24</Filter>
    </ClCompile>
    <ClCompile Include="Custom IR\IRremote.cpp">
      <Filter>Source Files\External Libs\IR Remote</Filter>
    </ClCompile>
    <ClCompile Include="SPI.cpp">
      <Filter>Source Files\External Libs</Filter>
    </ClCompile>
    <ClCompile Include="Lights.cpp">
      <Filter>Source Files</Filter>
    </ClCompile>
    <ClCompile Include="MilesIR.cpp">
      <Filter>Source Files</Filter>
    </ClCompile>
    <ClCompile Include="LaserCom.cpp">
      <Filter>Source Files</Filter>
    </ClCompile>
    <ClCompile Include="Wire\Wire.cpp">
      <Filter>Source Files\External Libs\Wire</Filter>
    </ClCompile>
    <ClCompile Include="Wire\twi.c">
      <Filter>Source Files\External Libs\Wire</Filter>
    </ClCompile>
    <ClCompile Include="Suit.cpp">
      <Filter>Source Files</Filter>
    </ClCompile>
    <ClCompile Include="SuitLights.cpp">
      <Filter>Source Files</Filter>
    </ClCompile>
  </ItemGroup>
  <ItemGroup>
    <ClInclude Include="DuinoTagV2.h">
      <Filter>Header Files</Filter>
    </ClInclude>
    <ClInclude Include="GameMode.h">
      <Filter>Header Files</Filter>
    </ClInclude>
    <ClInclude Include="Sound.h">
      <Filter>Header Files</Filter>
    </ClInclude>
    <ClInclude Include="MilesDecode.h">
      <Filter>Header Files</Filter>
    </ClInclude>
    <ClInclude Include="LaserWiFi.h">
      <Filter>Header Files</Filter>
    </ClInclude>
    <ClInclude Include="Bitshift.h">
      <Filter>Header Files</Filter>
    </ClInclude>
    <ClInclude Include="Neopixel\Adafruit_NeoPixel.h">
      <Filter>Header Files\External Libs</Filter>
    </ClInclude>
    <ClInclude Include="FlexiTimer\FlexiTimer2.h">
      <Filter>Header Files\External Libs</Filter>
    </ClInclude>
    <ClInclude Include="ToneAC\toneAC.h">
      <Filter>Header Files\External Libs</Filter>
    </ClInclude>
    <ClInclude Include="__vm\.port32U4.vsarduino.h">
      <Filter>Header Files\External Libs</Filter>
    </ClInclude>
    <ClInclude Include="__vm\.Github.vsarduino.h">
      <Filter>Header Files\External Libs</Filter>
    </ClInclude>
    <ClInclude Include="RF24-driver\nRF24L01.h">
      <Filter>Header Files\External Libs\RF24</Filter>
    </ClInclude>
    <ClInclude Include="RF24-driver\RF24.h">
      <Filter>Header Files\External Libs\RF24</Filter>
    </ClInclude>
    <ClInclude Include="RF24-driver\RF24_config.h">
      <Filter>Header Files\External Libs\RF24</Filter>
    </ClInclude>
    <ClInclude Include="RF24-mesh\RF24Mesh.h">
      <Filter>Header Files\External Libs\RF24</Filter>
    </ClInclude>
    <ClInclude Include="RF24-mesh\RF24Mesh_config.h">
      <Filter>Header Files\External Libs\RF24</Filter>
    </ClInclude>
    <ClInclude Include="RF24-network\RF24Network.h">
      <Filter>Header Files\External Libs\RF24</Filter>
    </ClInclude>
    <ClInclude Include="RF24-network\RF24Network_config.h">
      <Filter>Header Files\External Libs\RF24</Filter>
    </ClInclude>
    <ClInclude Include="RF24-network\Sync.h">
      <Filter>Header Files\External Libs\RF24</Filter>
    </ClInclude>
    <ClInclude Include="Custom IR\IRremote.h">
      <Filter>Header Files\External Libs\IR Remote</Filter>
    </ClInclude>
    <ClInclude Include="Custom IR\IRremoteInt.h">
      <Filter>Header Files\External Libs\IR Remote</Filter>
    </ClInclude>
    <ClInclude Include="SPI.h">
      <Filter>Header Files\External Libs</Filter>
    </ClInclude>
    <ClInclude Include="Lights.h">
      <Filter>Header Files</Filter>
    </ClInclude>
    <ClInclude Include="LaserCom.h">
      <Filter>Header Files</Filter>
    </ClInclude>
    <ClInclude Include="Wire\Wire.h">
      <Filter>Header Files\External Libs\Wire</Filter>
    </ClInclude>
    <ClInclude Include="Wire\twi.h">
      <Filter>Header Files\External Libs\Wire</Filter>
    </ClInclude>
    <ClInclude Include="Suit.h">
      <Filter>Header Files</Filter>
    </ClInclude>
    <ClInclude Include="SuitLights.h">
      <Filter>Header Files</Filter>
    </ClInclude>
    <ClInclude Include="MilesIR.h">
      <Filter>Header Files</Filter>
    </ClInclude>
  </ItemGroup>
</Project>